
Microsoft Visual Studio Solution File, Format Version 12.00
# Visual Studio Version 17
VisualStudioVersion = 17.0.31903.59
MinimumVisualStudioVersion = 10.0.40219.1
Project("{F2A71F9B-5D33-465A-A702-920D77279786}") = "1-CreatingAWindow", "1-CreatingAWindow\1-CreatingAWindow.fsproj", "{082D2A3D-6403-4310-AAC0-37BEF13112D2}"
EndProject
Project("{F2A71F9B-5D33-465A-A702-920D77279786}") = "2-HelloTriangle", "2-HelloTriangle\2-HelloTriangle.fsproj", "{000BE884-8AF9-4C9E-9C4A-D5D4066BC7A1}"
EndProject
Project("{F2A71F9B-5D33-465A-A702-920D77279786}") = "Common", "Common\Common.fsproj", "{2567C539-B09C-459C-B635-24D08392A034}"
EndProject
Project("{F2A71F9B-5D33-465A-A702-920D77279786}") = "3-ElementBufferObjects", "3-ElementBufferObjects\3-ElementBufferObjects.fsproj", "{F1AA64B4-268D-45F4-BCD8-2D0010594A3A}"
EndProject
Project("{F2A71F9B-5D33-465A-A702-920D77279786}") = "4-Shaders-InsAndOuts", "4-Shaders-InsAndOuts\4-Shaders-InsAndOuts.fsproj", "{3B401D89-E34F-44FF-B6BE-386E6BD0D3DB}"
EndProject
Project("{F2A71F9B-5D33-465A-A702-920D77279786}") = "4-Shaders-MoreAttributes", "4-Shaders-MoreAttributes\4-Shaders-MoreAttributes.fsproj", "{FDB85CA9-7E0C-4FBD-85A2-C8B999F5AB7A}"
EndProject
Project("{F2A71F9B-5D33-465A-A702-920D77279786}") = "4-Shaders-Uniforms", "4-Shaders-Uniforms\4-Shaders-Uniforms.fsproj", "{C8A09088-96FE-4A54-9922-814E6D83802E}"
EndProject
Project("{F2A71F9B-5D33-465A-A702-920D77279786}") = "5-Textures", "5-Textures\5-Textures.fsproj", "{F003BFF5-4DC2-424B-B41C-08926EFB88AC}"
EndProject
Project("{F2A71F9B-5D33-465A-A702-920D77279786}") = "6-MultipleTextures", "6-MultipleTextures\6-MultipleTextures.fsproj", "{25D05713-6D84-4E81-8B88-307B08DA4C14}"
EndProject
Global
	GlobalSection(SolutionConfigurationPlatforms) = preSolution
		Debug|Any CPU = Debug|Any CPU
		Release|Any CPU = Release|Any CPU
	EndGlobalSection
	GlobalSection(SolutionProperties) = preSolution
		HideSolutionNode = FALSE
	EndGlobalSection
	GlobalSection(ProjectConfigurationPlatforms) = postSolution
		{082D2A3D-6403-4310-AAC0-37BEF13112D2}.Debug|Any CPU.ActiveCfg = Debug|Any CPU
		{082D2A3D-6403-4310-AAC0-37BEF13112D2}.Debug|Any CPU.Build.0 = Debug|Any CPU
		{082D2A3D-6403-4310-AAC0-37BEF13112D2}.Release|Any CPU.ActiveCfg = Release|Any CPU
		{082D2A3D-6403-4310-AAC0-37BEF13112D2}.Release|Any CPU.Build.0 = Release|Any CPU
		{000BE884-8AF9-4C9E-9C4A-D5D4066BC7A1}.Debug|Any CPU.ActiveCfg = Debug|Any CPU
		{000BE884-8AF9-4C9E-9C4A-D5D4066BC7A1}.Debug|Any CPU.Build.0 = Debug|Any CPU
		{000BE884-8AF9-4C9E-9C4A-D5D4066BC7A1}.Release|Any CPU.ActiveCfg = Release|Any CPU
		{000BE884-8AF9-4C9E-9C4A-D5D4066BC7A1}.Release|Any CPU.Build.0 = Release|Any CPU
		{2567C539-B09C-459C-B635-24D08392A034}.Debug|Any CPU.ActiveCfg = Debug|Any CPU
		{2567C539-B09C-459C-B635-24D08392A034}.Debug|Any CPU.Build.0 = Debug|Any CPU
		{2567C539-B09C-459C-B635-24D08392A034}.Release|Any CPU.ActiveCfg = Release|Any CPU
		{2567C539-B09C-459C-B635-24D08392A034}.Release|Any CPU.Build.0 = Release|Any CPU
		{F1AA64B4-268D-45F4-BCD8-2D0010594A3A}.Debug|Any CPU.ActiveCfg = Debug|Any CPU
		{F1AA64B4-268D-45F4-BCD8-2D0010594A3A}.Debug|Any CPU.Build.0 = Debug|Any CPU
		{F1AA64B4-268D-45F4-BCD8-2D0010594A3A}.Release|Any CPU.ActiveCfg = Release|Any CPU
		{F1AA64B4-268D-45F4-BCD8-2D0010594A3A}.Release|Any CPU.Build.0 = Release|Any CPU
		{3B401D89-E34F-44FF-B6BE-386E6BD0D3DB}.Debug|Any CPU.ActiveCfg = Debug|Any CPU
		{3B401D89-E34F-44FF-B6BE-386E6BD0D3DB}.Debug|Any CPU.Build.0 = Debug|Any CPU
		{3B401D89-E34F-44FF-B6BE-386E6BD0D3DB}.Release|Any CPU.ActiveCfg = Release|Any CPU
		{3B401D89-E34F-44FF-B6BE-386E6BD0D3DB}.Release|Any CPU.Build.0 = Release|Any CPU
		{FDB85CA9-7E0C-4FBD-85A2-C8B999F5AB7A}.Debug|Any CPU.ActiveCfg = Debug|Any CPU
		{FDB85CA9-7E0C-4FBD-85A2-C8B999F5AB7A}.Debug|Any CPU.Build.0 = Debug|Any CPU
		{FDB85CA9-7E0C-4FBD-85A2-C8B999F5AB7A}.Release|Any CPU.ActiveCfg = Release|Any CPU
		{FDB85CA9-7E0C-4FBD-85A2-C8B999F5AB7A}.Release|Any CPU.Build.0 = Release|Any CPU
		{C8A09088-96FE-4A54-9922-814E6D83802E}.Debug|Any CPU.ActiveCfg = Debug|Any CPU
		{C8A09088-96FE-4A54-9922-814E6D83802E}.Debug|Any CPU.Build.0 = Debug|Any CPU
		{C8A09088-96FE-4A54-9922-814E6D83802E}.Release|Any CPU.ActiveCfg = Release|Any CPU
		{C8A09088-96FE-4A54-9922-814E6D83802E}.Release|Any CPU.Build.0 = Release|Any CPU
		{F003BFF5-4DC2-424B-B41C-08926EFB88AC}.Debug|Any CPU.ActiveCfg = Debug|Any CPU
		{F003BFF5-4DC2-424B-B41C-08926EFB88AC}.Debug|Any CPU.Build.0 = Debug|Any CPU
		{F003BFF5-4DC2-424B-B41C-08926EFB88AC}.Release|Any CPU.ActiveCfg = Release|Any CPU
		{F003BFF5-4DC2-424B-B41C-08926EFB88AC}.Release|Any CPU.Build.0 = Release|Any CPU
		{25D05713-6D84-4E81-8B88-307B08DA4C14}.Debug|Any CPU.ActiveCfg = Debug|Any CPU
		{25D05713-6D84-4E81-8B88-307B08DA4C14}.Debug|Any CPU.Build.0 = Debug|Any CPU
		{25D05713-6D84-4E81-8B88-307B08DA4C14}.Release|Any CPU.ActiveCfg = Release|Any CPU
		{25D05713-6D84-4E81-8B88-307B08DA4C14}.Release|Any CPU.Build.0 = Release|Any CPU
	EndGlobalSection
EndGlobal
